<?xml version="1.0" encoding="utf-8"?>
<Project ToolsVersion="4.0" xmlns="http://schemas.microsoft.com/developer/msbuild/2003">
  <ItemGroup>
    <Filter Include="Source">
      <UniqueIdentifier>{8dbc94a7-4867-4762-a1cb-d29b23bcd081}</UniqueIdentifier>
    </Filter>
    <Filter Include="Shader">
      <UniqueIdentifier>{41ab3299-d368-437e-ad81-1157a8d52de7}</UniqueIdentifier>
    </Filter>
    <Filter Include="Source\Text">
      <UniqueIdentifier>{ee62796b-949c-4269-81a0-5481fb1751d7}</UniqueIdentifier>
    </Filter>
    <Filter Include="Source\Text\DebugText">
      <UniqueIdentifier>{4a51a923-591d-442f-a02c-edaa7b08deb2}</UniqueIdentifier>
    </Filter>
    <Filter Include="Source\DirectX">
      <UniqueIdentifier>{64fb6da3-b1b5-4f06-a2a8-991e2404ba76}</UniqueIdentifier>
    </Filter>
    <Filter Include="Source\Effect">
      <UniqueIdentifier>{13056068-acc5-40a8-932f-439297f2f966}</UniqueIdentifier>
    </Filter>
    <Filter Include="Source\GameObject">
      <UniqueIdentifier>{6080c3b0-fa2a-4eed-8adc-4bbe8f5c71f5}</UniqueIdentifier>
    </Filter>
    <Filter Include="Source\GameObject\StaticMeshObject">
      <UniqueIdentifier>{0e12af9f-3a02-4b8d-870f-87b67553ad87}</UniqueIdentifier>
    </Filter>
    <Filter Include="Source\GameObject\UIObject">
      <UniqueIdentifier>{843b4f81-d351-4e3e-a471-563f8118d94b}</UniqueIdentifier>
    </Filter>
    <Filter Include="Source\GameObject\SpriteObject">
      <UniqueIdentifier>{c14abf08-11e2-40dc-845d-0ccc07699ee5}</UniqueIdentifier>
    </Filter>
    <Filter Include="Source\GameObject\SkinMeshObject">
      <UniqueIdentifier>{58d67082-377f-4bf0-a620-97f2ce5069f6}</UniqueIdentifier>
    </Filter>
    <Filter Include="Source\Sound">
      <UniqueIdentifier>{06d09ca4-733b-4a5b-8d36-ef1e0d0887d6}</UniqueIdentifier>
    </Filter>
    <Filter Include="Source\Collision">
      <UniqueIdentifier>{7960c6d5-d135-4c0a-807a-cbf0e2793225}</UniqueIdentifier>
    </Filter>
    <Filter Include="Source\Sprite">
      <UniqueIdentifier>{a408079a-8901-4152-ad88-0be0f66aa067}</UniqueIdentifier>
    </Filter>
    <Filter Include="Source\SkinMesh">
      <UniqueIdentifier>{06e754df-da8f-4b27-bf5e-f046799d4ebf}</UniqueIdentifier>
    </Filter>
    <Filter Include="Source\StaticMesh">
      <UniqueIdentifier>{3a01f3e8-5468-4e5e-8296-fc21d94683e3}</UniqueIdentifier>
    </Filter>
    <Filter Include="Source\Main">
      <UniqueIdentifier>{2fdc86bb-456c-447a-86f5-d2b6c3ca2e7d}</UniqueIdentifier>
    </Filter>
    <Filter Include="Source\Scene">
      <UniqueIdentifier>{1641906f-b3cd-4fd4-8106-2c2be8d35d91}</UniqueIdentifier>
    </Filter>
    <Filter Include="Source\Ray">
      <UniqueIdentifier>{bdeb3b99-fffc-40c7-ae88-5b3d62f19bec}</UniqueIdentifier>
    </Filter>
    <Filter Include="Source\Time">
      <UniqueIdentifier>{0da778c4-3c3f-4b7c-b3d7-c7e99950b570}</UniqueIdentifier>
    </Filter>
    <Filter Include="Source\Camera">
      <UniqueIdentifier>{a13bdd37-f6f4-4773-a40b-2f90adabb417}</UniqueIdentifier>
    </Filter>
    <Filter Include="Source\GameObject\StaticMeshObject\Character">
      <UniqueIdentifier>{f0a5b4e6-8d8f-4cd6-9263-2618e0988c18}</UniqueIdentifier>
    </Filter>
    <Filter Include="Source\GameObject\SkinMeshObject\AnimatedCharacter">
      <UniqueIdentifier>{5a6dbde2-ca15-4ab3-bbbe-03e78a504654}</UniqueIdentifier>
    </Filter>
    <Filter Include="Source\GameObject\SkinMeshObject\AnimatedCharacter\Player">
      <UniqueIdentifier>{8a9f52ea-1f52-4df4-a91d-2ccb5d716a23}</UniqueIdentifier>
    </Filter>
    <Filter Include="Source\Common">
      <UniqueIdentifier>{1941b590-46a5-44f9-a55f-0e96abf1a92a}</UniqueIdentifier>
    </Filter>
    <Filter Include="Source\Input">
      <UniqueIdentifier>{1937b783-58c0-4b6e-8c3a-a30256dca726}</UniqueIdentifier>
    </Filter>
    <Filter Include="Source\Light">
      <UniqueIdentifier>{cb403754-8c6f-4bb3-a830-98f52c7fa3ca}</UniqueIdentifier>
    </Filter>
    <Filter Include="Source\GameStats">
      <UniqueIdentifier>{a620b757-e756-4dbc-aa81-dae0f490b885}</UniqueIdentifier>
    </Filter>
    <Filter Include="Source\SceneManager">
      <UniqueIdentifier>{75555713-448e-47e4-98b7-3517313ec4e7}</UniqueIdentifier>
    </Filter>
  </ItemGroup>
  <ItemGroup>
    <ClCompile Include="CMenu.cpp">
      <Filter>Source\Scene</Filter>
    </ClCompile>
    <ClCompile Include="WinMain.cpp">
      <Filter>Source</Filter>
    </ClCompile>
    <ClCompile Include="CFont.cpp">
      <Filter>Source\Text</Filter>
    </ClCompile>
    <ClCompile Include="CDebugText.cpp">
      <Filter>Source\Text\DebugText</Filter>
    </ClCompile>
    <ClCompile Include="CDirectX9.cpp">
      <Filter>Source\DirectX</Filter>
    </ClCompile>
    <ClCompile Include="CDirectX11.cpp">
      <Filter>Source\DirectX</Filter>
    </ClCompile>
    <ClCompile Include="CEffect.cpp">
      <Filter>Source\Effect</Filter>
    </ClCompile>
    <ClCompile Include="CGameObject.cpp">
      <Filter>Source\GameObject</Filter>
    </ClCompile>
    <ClCompile Include="CStaticMeshObject.cpp">
      <Filter>Source\GameObject\StaticMeshObject</Filter>
    </ClCompile>
    <ClCompile Include="CUIObject.cpp">
      <Filter>Source\GameObject\UIObject</Filter>
    </ClCompile>
    <ClCompile Include="CSpriteObject.cpp">
      <Filter>Source\GameObject\SpriteObject</Filter>
    </ClCompile>
    <ClCompile Include="CSkinMeshObject.cpp">
      <Filter>Source\GameObject\SkinMeshObject</Filter>
    </ClCompile>
    <ClCompile Include="CSound.cpp">
      <Filter>Source\Sound</Filter>
    </ClCompile>
    <ClCompile Include="CSoundManager.cpp">
      <Filter>Source\Sound</Filter>
    </ClCompile>
    <ClCompile Include="CBoundingSphere.cpp">
      <Filter>Source\Collision</Filter>
    </ClCompile>
    <ClCompile Include="CSprite2D.cpp">
      <Filter>Source\Sprite</Filter>
    </ClCompile>
    <ClCompile Include="CSprite3D.cpp">
      <Filter>Source\Sprite</Filter>
    </ClCompile>
    <ClCompile Include="CSkinMesh.cpp">
      <Filter>Source\SkinMesh</Filter>
    </ClCompile>
    <ClCompile Include="CSkinMeshParser.cpp">
      <Filter>Source\SkinMesh</Filter>
    </ClCompile>
    <ClCompile Include="CStaticMesh.cpp">
      <Filter>Source\StaticMesh</Filter>
    </ClCompile>
    <ClCompile Include="CMain.cpp">
      <Filter>Source\Main</Filter>
    </ClCompile>
    <ClCompile Include="CRay.cpp">
      <Filter>Source\Ray</Filter>
    </ClCompile>
    <ClCompile Include="CTime.cpp">
      <Filter>Source\Time</Filter>
    </ClCompile>
    <ClCompile Include="CCamera.cpp">
      <Filter>Source\Camera</Filter>
    </ClCompile>
    <ClCompile Include="CCharacter.cpp">
      <Filter>Source\GameObject\StaticMeshObject\Character</Filter>
    </ClCompile>
    <ClCompile Include="CAnimCharacter.cpp">
      <Filter>Source\GameObject\SkinMeshObject\AnimatedCharacter</Filter>
    </ClCompile>
    <ClCompile Include="stdafx.cpp">
      <Filter>Source\Common</Filter>
    </ClCompile>
    <ClCompile Include="CDebugBSphere.cpp">
      <Filter>Source\Collision</Filter>
    </ClCompile>
    <ClCompile Include="CBoundingCube.cpp">
      <Filter>Source\Collision</Filter>
    </ClCompile>
    <ClCompile Include="CCollider.cpp">
      <Filter>Source\Collision</Filter>
    </ClCompile>
    <ClCompile Include="CDebugColliderRender.cpp">
      <Filter>Source\Collision</Filter>
    </ClCompile>
    <ClCompile Include="CDebugBBox.cpp">
      <Filter>Source\Collision</Filter>
    </ClCompile>
    <ClCompile Include="CCameraController.cpp">
      <Filter>Source\Camera</Filter>
    </ClCompile>
    <ClCompile Include="CScene.cpp">
      <Filter>Source\SceneManager</Filter>
    </ClCompile>
    <ClCompile Include="CSceneManager.cpp">
      <Filter>Source\SceneManager</Filter>
    </ClCompile>
    <ClCompile Include="CInput.cpp">
      <Filter>Source\Input</Filter>
    </ClCompile>
    <ClCompile Include="CXInput.cpp">
      <Filter>Source\Input</Filter>
    </ClCompile>
    <ClCompile Include="CAnimPlayer.cpp">
      <Filter>Source\GameObject\SkinMeshObject\AnimatedCharacter\Player</Filter>
    </ClCompile>
    <ClCompile Include="CSpotLight.cpp">
      <Filter>Source\Light</Filter>
    </ClCompile>
    <ClCompile Include="CResult.cpp">
      <Filter>Source\Scene</Filter>
    </ClCompile>
    <ClCompile Include="CGameOver.cpp">
      <Filter>Source\Scene</Filter>
    </ClCompile>
    <ClCompile Include="CGameStats.cpp">
      <Filter>Source\GameStats</Filter>
    </ClCompile>
    <ClCompile Include="Util.cpp">
      <Filter>Source\Common</Filter>
    </ClCompile>
    <ClCompile Include="CGame.cpp">
      <Filter>Source\Scene</Filter>
    </ClCompile>
    <ClCompile Include="CPlayer.cpp" />
    <ClCompile Include="CStage.cpp" />
  </ItemGroup>
  <ItemGroup>
    <ClInclude Include="CMenu.h">
      <Filter>Source\Scene</Filter>
    </ClInclude>
    <ClInclude Include="CFont.h">
      <Filter>Source\Text</Filter>
    </ClInclude>
    <ClInclude Include="CDebugText.h">
      <Filter>Source\Text\DebugText</Filter>
    </ClInclude>
    <ClInclude Include="CDirectX9.h">
      <Filter>Source\DirectX</Filter>
    </ClInclude>
    <ClInclude Include="CDirectX11.h">
      <Filter>Source\DirectX</Filter>
    </ClInclude>
    <ClInclude Include="CEffect.h">
      <Filter>Source\Effect</Filter>
    </ClInclude>
    <ClInclude Include="CGameObject.h">
      <Filter>Source\GameObject</Filter>
    </ClInclude>
    <ClInclude Include="CStaticMeshObject.h">
      <Filter>Source\GameObject\StaticMeshObject</Filter>
    </ClInclude>
    <ClInclude Include="CUIObject.h">
      <Filter>Source\GameObject\UIObject</Filter>
    </ClInclude>
    <ClInclude Include="CSpriteObject.h">
      <Filter>Source\GameObject\SpriteObject</Filter>
    </ClInclude>
    <ClInclude Include="CSkinMeshObject.h">
      <Filter>Source\GameObject\SkinMeshObject</Filter>
    </ClInclude>
    <ClInclude Include="CSound.h">
      <Filter>Source\Sound</Filter>
    </ClInclude>
    <ClInclude Include="CSoundManager.h">
      <Filter>Source\Sound</Filter>
    </ClInclude>
    <ClInclude Include="CBoundingSphere.h">
      <Filter>Source\Collision</Filter>
    </ClInclude>
    <ClInclude Include="CSprite2D.h">
      <Filter>Source\Sprite</Filter>
    </ClInclude>
    <ClInclude Include="CSprite3D.h">
      <Filter>Source\Sprite</Filter>
    </ClInclude>
    <ClInclude Include="CSkinMesh.h">
      <Filter>Source\SkinMesh</Filter>
    </ClInclude>
    <ClInclude Include="CSkinMeshParser.h">
      <Filter>Source\SkinMesh</Filter>
    </ClInclude>
    <ClInclude Include="CStaticMesh.h">
      <Filter>Source\StaticMesh</Filter>
    </ClInclude>
    <ClInclude Include="CMain.h">
      <Filter>Source\Main</Filter>
    </ClInclude>
    <ClInclude Include="CRay.h">
      <Filter>Source\Ray</Filter>
    </ClInclude>
    <ClInclude Include="CTime.h">
      <Filter>Source\Time</Filter>
    </ClInclude>
    <ClInclude Include="CCamera.h">
      <Filter>Source\Camera</Filter>
    </ClInclude>
    <ClInclude Include="CCharacter.h">
      <Filter>Source\GameObject\StaticMeshObject\Character</Filter>
    </ClInclude>
    <ClInclude Include="CAnimCharacter.h">
      <Filter>Source\GameObject\SkinMeshObject\AnimatedCharacter</Filter>
    </ClInclude>
    <ClInclude Include="Global.h">
      <Filter>Source\Common</Filter>
    </ClInclude>
    <ClInclude Include="MyMacro.h">
      <Filter>Source\Common</Filter>
    </ClInclude>
    <ClInclude Include="stdafx.h">
      <Filter>Source\Common</Filter>
    </ClInclude>
    <ClInclude Include="CDebugBSphere.h">
      <Filter>Source\Collision</Filter>
    </ClInclude>
    <ClInclude Include="CBoundingCube.h">
      <Filter>Source\Collision</Filter>
    </ClInclude>
    <ClInclude Include="CCollider.h">
      <Filter>Source\Collision</Filter>
    </ClInclude>
    <ClInclude Include="CDebugColliderRender.h">
      <Filter>Source\Collision</Filter>
    </ClInclude>
    <ClInclude Include="CDebugBBox.h">
      <Filter>Source\Collision</Filter>
    </ClInclude>
    <ClInclude Include="CCameraController.h">
      <Filter>Source\Camera</Filter>
    </ClInclude>
    <ClInclude Include="CScene.h">
      <Filter>Source\SceneManager</Filter>
    </ClInclude>
    <ClInclude Include="CSceneManager.h">
      <Filter>Source\SceneManager</Filter>
    </ClInclude>
    <ClInclude Include="CInput.h">
      <Filter>Source\Input</Filter>
    </ClInclude>
    <ClInclude Include="CXInput.h">
      <Filter>Source\Input</Filter>
    </ClInclude>
    <ClInclude Include="CAnimPlayer.h">
      <Filter>Source\GameObject\SkinMeshObject\AnimatedCharacter\Player</Filter>
    </ClInclude>
    <ClInclude Include="CSpotLight.h">
      <Filter>Source\Light</Filter>
    </ClInclude>
    <ClInclude Include="CResult.h">
      <Filter>Source\Scene</Filter>
    </ClInclude>
    <ClInclude Include="CGameOver.h">
      <Filter>Source\Scene</Filter>
    </ClInclude>
    <ClInclude Include="CGameStats.h">
      <Filter>Source\GameStats</Filter>
    </ClInclude>
    <ClInclude Include="Util.h">
      <Filter>Source\Common</Filter>
    </ClInclude>
    <ClInclude Include="CGame.h">
      <Filter>Source\Scene</Filter>
    </ClInclude>
    <ClInclude Include="CPlayer.h" />
    <ClInclude Include="CStage.h" />
  </ItemGroup>
  <ItemGroup>
    <FxCompile Include="Data\Shader\DebugText.hlsl">
      <Filter>Shader</Filter>
    </FxCompile>
    <FxCompile Include="Data\Shader\Mesh.hlsl">
      <Filter>Shader</Filter>
    </FxCompile>
    <FxCompile Include="Data\Shader\Ray.hlsl">
      <Filter>Shader</Filter>
    </FxCompile>
    <FxCompile Include="Data\Shader\SkinMesh.hlsl">
      <Filter>Shader</Filter>
    </FxCompile>
    <FxCompile Include="Data\Shader\Sprite2D.hlsl">
      <Filter>Shader</Filter>
    </FxCompile>
    <FxCompile Include="Data\Shader\Sprite3D.hlsl">
      <Filter>Shader</Filter>
    </FxCompile>
    <FxCompile Include="Data\Shader\StaticMesh.hlsl">
      <Filter>Shader</Filter>
    </FxCompile>
    <FxCompile Include="Data\Shader\Text.hlsl">
      <Filter>Shader</Filter>
    </FxCompile>
    <FxCompile Include="Data\Shader\DebugLine.hlsl">
      <Filter>Shader</Filter>
    </FxCompile>
  </ItemGroup>
</Project>